
Microsoft Visual Studio Solution File, Format Version 12.00
# Visual Studio Version 16
VisualStudioVersion = 16.0.31729.503
MinimumVisualStudioVersion = 10.0.40219.1
Project("{FAE04EC0-301F-11D3-BF4B-00C04F79EFBC}") = "DocearReminder", "DocearReminder\DocearReminder.csproj", "{50804B18-81C7-48AA-A317-916FA77E6612}"
EndProject
Project("{FAE04EC0-301F-11D3-BF4B-00C04F79EFBC}") = "Password", "Setup\Password.csproj", "{39B08FEB-E68C-4CF9-83CB-F5C844766FE8}"
EndProject
Project("{FAE04EC0-301F-11D3-BF4B-00C04F79EFBC}") = "Updater", "Updater\Updater.csproj", "{8053D96D-AE9B-4DED-941E-DB6F57A74595}"
EndProject
Project("{FAE04EC0-301F-11D3-BF4B-00C04F79EFBC}") = "AutoUpdate", "AutoUpdate\AutoUpdate.csproj", "{62E2CB7A-AD1B-450B-840D-F7138C5AF9F5}"
EndProject
Project("{FAE04EC0-301F-11D3-BF4B-00C04F79EFBC}") = "DevpConsole", "DevpConsole\DevpConsole.csproj", "{06DE5AE9-7C12-4F2E-A615-0DBE7CF27718}"
EndProject
Project("{FAE04EC0-301F-11D3-BF4B-00C04F79EFBC}") = "DocearCalendar", "System.Windows.Forms.Calendar\DocearCalendar.csproj", "{25649F08-3046-4891-ADB8-7EA787B57063}"
EndProject
Project("{FAE04EC0-301F-11D3-BF4B-00C04F79EFBC}") = "CalendarDemo", "CalendarDemo\CalendarDemo.csproj", "{CCAB97D3-8290-4140-906D-8FF8CB8D6FED}"
EndProject
Project("{FAE04EC0-301F-11D3-BF4B-00C04F79EFBC}") = "DocearReminderTodoist", "DocearReminderTodoist\DocearReminderTodoist.csproj", "{B10A3F1D-C8AD-4566-BD81-0BC63CF815EE}"
EndProject
Project("{9A19103F-16F7-4668-BE54-9A1E7A4F7556}") = "Todoist.Net", "Todoist.Net\Todoist.Net.csproj", "{31F87E7E-C72E-4317-B799-E71F69DF7746}"
EndProject
Project("{9A19103F-16F7-4668-BE54-9A1E7A4F7556}") = "Todoist.Net.Tests", "Todoist.Net.Tests\Todoist.Net.Tests.csproj", "{43D33ACB-6BF9-4E67-A1DD-4C3B171D477C}"
EndProject
Project("{9A19103F-16F7-4668-BE54-9A1E7A4F7556}") = "DocearReminderTest", "DocearReminderTest\DocearReminderTest.csproj", "{54234738-4890-46AD-A709-EFA93B0B65FB}"
EndProject
Project("{2150E333-8FDC-42A3-9474-1A3956D46DE8}") = "Solution Items", "Solution Items", "{F2FABF42-4C7E-410C-99FB-A60B5418524D}"
EndProject
Project("{FAE04EC0-301F-11D3-BF4B-00C04F79EFBC}") = "OperateCamera", "OperateCamera\OperateCamera.csproj", "{EBFCE2E9-31CB-4EBF-B3F8-B9F0152E9479}"
EndProject
Global
	GlobalSection(SolutionConfigurationPlatforms) = preSolution
		Debug|Any CPU = Debug|Any CPU
		Debug|x86 = Debug|x86
		Release|Any CPU = Release|Any CPU
		Release|x86 = Release|x86
	EndGlobalSection
	GlobalSection(ProjectConfigurationPlatforms) = postSolution
		{50804B18-81C7-48AA-A317-916FA77E6612}.Debug|Any CPU.ActiveCfg = Debug|Any CPU
		{50804B18-81C7-48AA-A317-916FA77E6612}.Debug|Any CPU.Build.0 = Debug|Any CPU
		{50804B18-81C7-48AA-A317-916FA77E6612}.Debug|x86.ActiveCfg = Debug|Any CPU
		{50804B18-81C7-48AA-A317-916FA77E6612}.Debug|x86.Build.0 = Debug|Any CPU
		{50804B18-81C7-48AA-A317-916FA77E6612}.Release|Any CPU.ActiveCfg = Release|Any CPU
		{50804B18-81C7-48AA-A317-916FA77E6612}.Release|Any CPU.Build.0 = Release|Any CPU
		{50804B18-81C7-48AA-A317-916FA77E6612}.Release|x86.ActiveCfg = Release|Any CPU
		{50804B18-81C7-48AA-A317-916FA77E6612}.Release|x86.Build.0 = Release|Any CPU
		{39B08FEB-E68C-4CF9-83CB-F5C844766FE8}.Debug|Any CPU.ActiveCfg = Debug|Any CPU
		{39B08FEB-E68C-4CF9-83CB-F5C844766FE8}.Debug|Any CPU.Build.0 = Debug|Any CPU
		{39B08FEB-E68C-4CF9-83CB-F5C844766FE8}.Debug|x86.ActiveCfg = Debug|Any CPU
		{39B08FEB-E68C-4CF9-83CB-F5C844766FE8}.Debug|x86.Build.0 = Debug|Any CPU
		{39B08FEB-E68C-4CF9-83CB-F5C844766FE8}.Release|Any CPU.ActiveCfg = Release|Any CPU
		{39B08FEB-E68C-4CF9-83CB-F5C844766FE8}.Release|Any CPU.Build.0 = Release|Any CPU
		{39B08FEB-E68C-4CF9-83CB-F5C844766FE8}.Release|x86.ActiveCfg = Release|Any CPU
		{39B08FEB-E68C-4CF9-83CB-F5C844766FE8}.Release|x86.Build.0 = Release|Any CPU
		{8053D96D-AE9B-4DED-941E-DB6F57A74595}.Debug|Any CPU.ActiveCfg = Debug|Any CPU
		{8053D96D-AE9B-4DED-941E-DB6F57A74595}.Debug|Any CPU.Build.0 = Debug|Any CPU
		{8053D96D-AE9B-4DED-941E-DB6F57A74595}.Debug|x86.ActiveCfg = Debug|Any CPU
		{8053D96D-AE9B-4DED-941E-DB6F57A74595}.Debug|x86.Build.0 = Debug|Any CPU
		{8053D96D-AE9B-4DED-941E-DB6F57A74595}.Release|Any CPU.ActiveCfg = Release|Any CPU
		{8053D96D-AE9B-4DED-941E-DB6F57A74595}.Release|Any CPU.Build.0 = Release|Any CPU
		{8053D96D-AE9B-4DED-941E-DB6F57A74595}.Release|x86.ActiveCfg = Release|Any CPU
		{8053D96D-AE9B-4DED-941E-DB6F57A74595}.Release|x86.Build.0 = Release|Any CPU
		{62E2CB7A-AD1B-450B-840D-F7138C5AF9F5}.Debug|Any CPU.ActiveCfg = Debug|Any CPU
		{62E2CB7A-AD1B-450B-840D-F7138C5AF9F5}.Debug|Any CPU.Build.0 = Debug|Any CPU
		{62E2CB7A-AD1B-450B-840D-F7138C5AF9F5}.Debug|x86.ActiveCfg = Debug|Any CPU
		{62E2CB7A-AD1B-450B-840D-F7138C5AF9F5}.Debug|x86.Build.0 = Debug|Any CPU
		{62E2CB7A-AD1B-450B-840D-F7138C5AF9F5}.Release|Any CPU.ActiveCfg = Release|Any CPU
		{62E2CB7A-AD1B-450B-840D-F7138C5AF9F5}.Release|Any CPU.Build.0 = Release|Any CPU
		{62E2CB7A-AD1B-450B-840D-F7138C5AF9F5}.Release|x86.ActiveCfg = Release|Any CPU
		{62E2CB7A-AD1B-450B-840D-F7138C5AF9F5}.Release|x86.Build.0 = Release|Any CPU
		{06DE5AE9-7C12-4F2E-A615-0DBE7CF27718}.Debug|Any CPU.ActiveCfg = Debug|Any CPU
		{06DE5AE9-7C12-4F2E-A615-0DBE7CF27718}.Debug|Any CPU.Build.0 = Debug|Any CPU
		{06DE5AE9-7C12-4F2E-A615-0DBE7CF27718}.Debug|x86.ActiveCfg = Debug|Any CPU
		{06DE5AE9-7C12-4F2E-A615-0DBE7CF27718}.Debug|x86.Build.0 = Debug|Any CPU
		{06DE5AE9-7C12-4F2E-A615-0DBE7CF27718}.Release|Any CPU.ActiveCfg = Release|Any CPU
		{06DE5AE9-7C12-4F2E-A615-0DBE7CF27718}.Release|Any CPU.Build.0 = Release|Any CPU
		{06DE5AE9-7C12-4F2E-A615-0DBE7CF27718}.Release|x86.ActiveCfg = Release|Any CPU
		{06DE5AE9-7C12-4F2E-A615-0DBE7CF27718}.Release|x86.Build.0 = Release|Any CPU
		{25649F08-3046-4891-ADB8-7EA787B57063}.Debug|Any CPU.ActiveCfg = Debug|Any CPU
		{25649F08-3046-4891-ADB8-7EA787B57063}.Debug|Any CPU.Build.0 = Debug|Any CPU
		{25649F08-3046-4891-ADB8-7EA787B57063}.Debug|x86.ActiveCfg = Debug|Any CPU
		{25649F08-3046-4891-ADB8-7EA787B57063}.Debug|x86.Build.0 = Debug|Any CPU
		{25649F08-3046-4891-ADB8-7EA787B57063}.Release|Any CPU.ActiveCfg = Release|Any CPU
		{25649F08-3046-4891-ADB8-7EA787B57063}.Release|Any CPU.Build.0 = Release|Any CPU
		{25649F08-3046-4891-ADB8-7EA787B57063}.Release|x86.ActiveCfg = Release|Any CPU
		{25649F08-3046-4891-ADB8-7EA787B57063}.Release|x86.Build.0 = Release|Any CPU
		{CCAB97D3-8290-4140-906D-8FF8CB8D6FED}.Debug|Any CPU.ActiveCfg = Debug|Any CPU
		{CCAB97D3-8290-4140-906D-8FF8CB8D6FED}.Debug|Any CPU.Build.0 = Debug|Any CPU
		{CCAB97D3-8290-4140-906D-8FF8CB8D6FED}.Debug|x86.ActiveCfg = Debug|Any CPU
		{CCAB97D3-8290-4140-906D-8FF8CB8D6FED}.Debug|x86.Build.0 = Debug|Any CPU
		{CCAB97D3-8290-4140-906D-8FF8CB8D6FED}.Release|Any CPU.ActiveCfg = Release|Any CPU
		{CCAB97D3-8290-4140-906D-8FF8CB8D6FED}.Release|Any CPU.Build.0 = Release|Any CPU
		{CCAB97D3-8290-4140-906D-8FF8CB8D6FED}.Release|x86.ActiveCfg = Release|Any CPU
		{CCAB97D3-8290-4140-906D-8FF8CB8D6FED}.Release|x86.Build.0 = Release|Any CPU
		{B10A3F1D-C8AD-4566-BD81-0BC63CF815EE}.Debug|Any CPU.ActiveCfg = Debug|Any CPU
		{B10A3F1D-C8AD-4566-BD81-0BC63CF815EE}.Debug|Any CPU.Build.0 = Debug|Any CPU
		{B10A3F1D-C8AD-4566-BD81-0BC63CF815EE}.Debug|x86.ActiveCfg = Debug|Any CPU
		{B10A3F1D-C8AD-4566-BD81-0BC63CF815EE}.Debug|x86.Build.0 = Debug|Any CPU
		{B10A3F1D-C8AD-4566-BD81-0BC63CF815EE}.Release|Any CPU.ActiveCfg = Release|Any CPU
		{B10A3F1D-C8AD-4566-BD81-0BC63CF815EE}.Release|Any CPU.Build.0 = Release|Any CPU
		{B10A3F1D-C8AD-4566-BD81-0BC63CF815EE}.Release|x86.ActiveCfg = Release|Any CPU
		{B10A3F1D-C8AD-4566-BD81-0BC63CF815EE}.Release|x86.Build.0 = Release|Any CPU
		{31F87E7E-C72E-4317-B799-E71F69DF7746}.Debug|Any CPU.ActiveCfg = Debug|Any CPU
		{31F87E7E-C72E-4317-B799-E71F69DF7746}.Debug|Any CPU.Build.0 = Debug|Any CPU
		{31F87E7E-C72E-4317-B799-E71F69DF7746}.Debug|x86.ActiveCfg = Debug|Any CPU
		{31F87E7E-C72E-4317-B799-E71F69DF7746}.Debug|x86.Build.0 = Debug|Any CPU
		{31F87E7E-C72E-4317-B799-E71F69DF7746}.Release|Any CPU.ActiveCfg = Release|Any CPU
		{31F87E7E-C72E-4317-B799-E71F69DF7746}.Release|Any CPU.Build.0 = Release|Any CPU
		{31F87E7E-C72E-4317-B799-E71F69DF7746}.Release|x86.ActiveCfg = Release|Any CPU
		{31F87E7E-C72E-4317-B799-E71F69DF7746}.Release|x86.Build.0 = Release|Any CPU
		{43D33ACB-6BF9-4E67-A1DD-4C3B171D477C}.Debug|Any CPU.ActiveCfg = Debug|Any CPU
		{43D33ACB-6BF9-4E67-A1DD-4C3B171D477C}.Debug|Any CPU.Build.0 = Debug|Any CPU
		{43D33ACB-6BF9-4E67-A1DD-4C3B171D477C}.Debug|x86.ActiveCfg = Debug|Any CPU
		{43D33ACB-6BF9-4E67-A1DD-4C3B171D477C}.Debug|x86.Build.0 = Debug|Any CPU
		{43D33ACB-6BF9-4E67-A1DD-4C3B171D477C}.Release|Any CPU.ActiveCfg = Release|Any CPU
		{43D33ACB-6BF9-4E67-A1DD-4C3B171D477C}.Release|Any CPU.Build.0 = Release|Any CPU
		{43D33ACB-6BF9-4E67-A1DD-4C3B171D477C}.Release|x86.ActiveCfg = Release|Any CPU
		{43D33ACB-6BF9-4E67-A1DD-4C3B171D477C}.Release|x86.Build.0 = Release|Any CPU
		{54234738-4890-46AD-A709-EFA93B0B65FB}.Debug|Any CPU.ActiveCfg = Debug|Any CPU
		{54234738-4890-46AD-A709-EFA93B0B65FB}.Debug|Any CPU.Build.0 = Debug|Any CPU
		{54234738-4890-46AD-A709-EFA93B0B65FB}.Debug|x86.ActiveCfg = Debug|Any CPU
		{54234738-4890-46AD-A709-EFA93B0B65FB}.Debug|x86.Build.0 = Debug|Any CPU
		{54234738-4890-46AD-A709-EFA93B0B65FB}.Release|Any CPU.ActiveCfg = Release|Any CPU
		{54234738-4890-46AD-A709-EFA93B0B65FB}.Release|Any CPU.Build.0 = Release|Any CPU
		{54234738-4890-46AD-A709-EFA93B0B65FB}.Release|x86.ActiveCfg = Release|Any CPU
		{54234738-4890-46AD-A709-EFA93B0B65FB}.Release|x86.Build.0 = Release|Any CPU
		{EBFCE2E9-31CB-4EBF-B3F8-B9F0152E9479}.Debug|Any CPU.ActiveCfg = Debug|x86
		{EBFCE2E9-31CB-4EBF-B3F8-B9F0152E9479}.Debug|x86.ActiveCfg = Debug|x86
		{EBFCE2E9-31CB-4EBF-B3F8-B9F0152E9479}.Debug|x86.Build.0 = Debug|x86
		{EBFCE2E9-31CB-4EBF-B3F8-B9F0152E9479}.Release|Any CPU.ActiveCfg = Release|x86
		{EBFCE2E9-31CB-4EBF-B3F8-B9F0152E9479}.Release|x86.ActiveCfg = Release|x86
		{EBFCE2E9-31CB-4EBF-B3F8-B9F0152E9479}.Release|x86.Build.0 = Release|x86
	EndGlobalSection
	GlobalSection(SolutionProperties) = preSolution
		HideSolutionNode = FALSE
	EndGlobalSection
	GlobalSection(ExtensibilityGlobals) = postSolution
		SolutionGuid = {04EA1910-260D-4DF4-8265-314101E6C9FD}
	EndGlobalSection
	GlobalSection(Performance) = preSolution
		HasPerformanceSessions = true
	EndGlobalSection
EndGlobal
