
Microsoft Visual Studio Solution File, Format Version 12.00
# Visual Studio Version 16
VisualStudioVersion = 16.0.31729.503
MinimumVisualStudioVersion = 10.0.40219.1
Project("{FAE04EC0-301F-11D3-BF4B-00C04F79EFBC}") = "DocearReminder", "DocearReminder\DocearReminder.csproj", "{50804B18-81C7-48AA-A317-916FA77E6612}"
EndProject
Project("{FAE04EC0-301F-11D3-BF4B-00C04F79EFBC}") = "Password", "Setup\Password.csproj", "{39B08FEB-E68C-4CF9-83CB-F5C844766FE8}"
EndProject
Project("{FAE04EC0-301F-11D3-BF4B-00C04F79EFBC}") = "Updater", "Updater\Updater.csproj", "{8053D96D-AE9B-4DED-941E-DB6F57A74595}"
EndProject
Project("{FAE04EC0-301F-11D3-BF4B-00C04F79EFBC}") = "AutoUpdate", "AutoUpdate\AutoUpdate.csproj", "{62E2CB7A-AD1B-450B-840D-F7138C5AF9F5}"
EndProject
Project("{FAE04EC0-301F-11D3-BF4B-00C04F79EFBC}") = "DevpConsole", "DevpConsole\DevpConsole.csproj", "{06DE5AE9-7C12-4F2E-A615-0DBE7CF27718}"
EndProject
Global
	GlobalSection(SolutionConfigurationPlatforms) = preSolution
		Debug|Any CPU = Debug|Any CPU
		Release|Any CPU = Release|Any CPU
	EndGlobalSection
	GlobalSection(ProjectConfigurationPlatforms) = postSolution
		{50804B18-81C7-48AA-A317-916FA77E6612}.Debug|Any CPU.ActiveCfg = Debug|Any CPU
		{50804B18-81C7-48AA-A317-916FA77E6612}.Debug|Any CPU.Build.0 = Debug|Any CPU
		{50804B18-81C7-48AA-A317-916FA77E6612}.Release|Any CPU.ActiveCfg = Release|Any CPU
		{50804B18-81C7-48AA-A317-916FA77E6612}.Release|Any CPU.Build.0 = Release|Any CPU
		{39B08FEB-E68C-4CF9-83CB-F5C844766FE8}.Debug|Any CPU.ActiveCfg = Debug|Any CPU
		{39B08FEB-E68C-4CF9-83CB-F5C844766FE8}.Debug|Any CPU.Build.0 = Debug|Any CPU
		{39B08FEB-E68C-4CF9-83CB-F5C844766FE8}.Release|Any CPU.ActiveCfg = Release|Any CPU
		{39B08FEB-E68C-4CF9-83CB-F5C844766FE8}.Release|Any CPU.Build.0 = Release|Any CPU
		{8053D96D-AE9B-4DED-941E-DB6F57A74595}.Debug|Any CPU.ActiveCfg = Debug|Any CPU
		{8053D96D-AE9B-4DED-941E-DB6F57A74595}.Debug|Any CPU.Build.0 = Debug|Any CPU
		{8053D96D-AE9B-4DED-941E-DB6F57A74595}.Release|Any CPU.ActiveCfg = Release|Any CPU
		{8053D96D-AE9B-4DED-941E-DB6F57A74595}.Release|Any CPU.Build.0 = Release|Any CPU
		{62E2CB7A-AD1B-450B-840D-F7138C5AF9F5}.Debug|Any CPU.ActiveCfg = Debug|Any CPU
		{62E2CB7A-AD1B-450B-840D-F7138C5AF9F5}.Debug|Any CPU.Build.0 = Debug|Any CPU
		{62E2CB7A-AD1B-450B-840D-F7138C5AF9F5}.Release|Any CPU.ActiveCfg = Release|Any CPU
		{62E2CB7A-AD1B-450B-840D-F7138C5AF9F5}.Release|Any CPU.Build.0 = Release|Any CPU
		{06DE5AE9-7C12-4F2E-A615-0DBE7CF27718}.Debug|Any CPU.ActiveCfg = Debug|Any CPU
		{06DE5AE9-7C12-4F2E-A615-0DBE7CF27718}.Debug|Any CPU.Build.0 = Debug|Any CPU
		{06DE5AE9-7C12-4F2E-A615-0DBE7CF27718}.Release|Any CPU.ActiveCfg = Release|Any CPU
		{06DE5AE9-7C12-4F2E-A615-0DBE7CF27718}.Release|Any CPU.Build.0 = Release|Any CPU
	EndGlobalSection
	GlobalSection(SolutionProperties) = preSolution
		HideSolutionNode = FALSE
	EndGlobalSection
	GlobalSection(ExtensibilityGlobals) = postSolution
		SolutionGuid = {04EA1910-260D-4DF4-8265-314101E6C9FD}
	EndGlobalSection
	GlobalSection(Performance) = preSolution
		HasPerformanceSessions = true
	EndGlobalSection
EndGlobal
