
Microsoft Visual Studio Solution File, Format Version 12.00
# Visual Studio Version 17
VisualStudioVersion = 17.4.33205.214
MinimumVisualStudioVersion = 10.0.40219.1
Project("{FAE04EC0-301F-11D3-BF4B-00C04F79EFBC}") = "DocearReminder", "DocearReminder\DocearReminder.csproj", "{50804B18-81C7-48AA-A317-916FA77E6612}"
EndProject
Project("{FAE04EC0-301F-11D3-BF4B-00C04F79EFBC}") = "System.Windows.Forms.Calendar", "System.Windows.Forms.Calendar\System.Windows.Forms.Calendar.csproj", "{25649F08-3046-4891-ADB8-7EA787B57063}"
EndProject
Project("{FAE04EC0-301F-11D3-BF4B-00C04F79EFBC}") = "CalendarDemo", "CalendarDemo\CalendarDemo.csproj", "{CCAB97D3-8290-4140-906D-8FF8CB8D6FED}"
EndProject
Project("{FAE04EC0-301F-11D3-BF4B-00C04F79EFBC}") = "yixiaozi", "yixiaozi\yixiaozi.csproj", "{27D1687F-ACC0-414A-90D8-12C1AD7C06E5}"
EndProject
Project("{FAE04EC0-301F-11D3-BF4B-00C04F79EFBC}") = "FerretLib.WinForms", "FerretLib.WinForms\FerretLib.WinForms.csproj", "{1BBD5465-2F72-430B-B899-926F03FEF87B}"
EndProject
Project("{FAE04EC0-301F-11D3-BF4B-00C04F79EFBC}") = "FerretLib.WinForms.Demo", "FerretLib.WinForms.Demo\FerretLib.WinForms.Demo.csproj", "{F4933B6F-A2F0-4A3A-8B25-716369C7C092}"
EndProject
Global
	GlobalSection(SolutionConfigurationPlatforms) = preSolution
		Debug|Any CPU = Debug|Any CPU
		Debug|x86 = Debug|x86
		Release|Any CPU = Release|Any CPU
		Release|x86 = Release|x86
	EndGlobalSection
	GlobalSection(ProjectConfigurationPlatforms) = postSolution
		{50804B18-81C7-48AA-A317-916FA77E6612}.Debug|Any CPU.ActiveCfg = Debug|Any CPU
		{50804B18-81C7-48AA-A317-916FA77E6612}.Debug|Any CPU.Build.0 = Debug|Any CPU
		{50804B18-81C7-48AA-A317-916FA77E6612}.Debug|x86.ActiveCfg = Debug|Any CPU
		{50804B18-81C7-48AA-A317-916FA77E6612}.Debug|x86.Build.0 = Debug|Any CPU
		{50804B18-81C7-48AA-A317-916FA77E6612}.Release|Any CPU.ActiveCfg = Release|Any CPU
		{50804B18-81C7-48AA-A317-916FA77E6612}.Release|Any CPU.Build.0 = Release|Any CPU
		{50804B18-81C7-48AA-A317-916FA77E6612}.Release|x86.ActiveCfg = Release|Any CPU
		{50804B18-81C7-48AA-A317-916FA77E6612}.Release|x86.Build.0 = Release|Any CPU
		{25649F08-3046-4891-ADB8-7EA787B57063}.Debug|Any CPU.ActiveCfg = Debug|Any CPU
		{25649F08-3046-4891-ADB8-7EA787B57063}.Debug|Any CPU.Build.0 = Debug|Any CPU
		{25649F08-3046-4891-ADB8-7EA787B57063}.Debug|x86.ActiveCfg = Debug|Any CPU
		{25649F08-3046-4891-ADB8-7EA787B57063}.Debug|x86.Build.0 = Debug|Any CPU
		{25649F08-3046-4891-ADB8-7EA787B57063}.Release|Any CPU.ActiveCfg = Release|Any CPU
		{25649F08-3046-4891-ADB8-7EA787B57063}.Release|Any CPU.Build.0 = Release|Any CPU
		{25649F08-3046-4891-ADB8-7EA787B57063}.Release|x86.ActiveCfg = Release|Any CPU
		{25649F08-3046-4891-ADB8-7EA787B57063}.Release|x86.Build.0 = Release|Any CPU
		{CCAB97D3-8290-4140-906D-8FF8CB8D6FED}.Debug|Any CPU.ActiveCfg = Debug|Any CPU
		{CCAB97D3-8290-4140-906D-8FF8CB8D6FED}.Debug|Any CPU.Build.0 = Debug|Any CPU
		{CCAB97D3-8290-4140-906D-8FF8CB8D6FED}.Debug|x86.ActiveCfg = Debug|Any CPU
		{CCAB97D3-8290-4140-906D-8FF8CB8D6FED}.Debug|x86.Build.0 = Debug|Any CPU
		{CCAB97D3-8290-4140-906D-8FF8CB8D6FED}.Release|Any CPU.ActiveCfg = Release|Any CPU
		{CCAB97D3-8290-4140-906D-8FF8CB8D6FED}.Release|Any CPU.Build.0 = Release|Any CPU
		{CCAB97D3-8290-4140-906D-8FF8CB8D6FED}.Release|x86.ActiveCfg = Release|Any CPU
		{CCAB97D3-8290-4140-906D-8FF8CB8D6FED}.Release|x86.Build.0 = Release|Any CPU
		{27D1687F-ACC0-414A-90D8-12C1AD7C06E5}.Debug|Any CPU.ActiveCfg = Debug|Any CPU
		{27D1687F-ACC0-414A-90D8-12C1AD7C06E5}.Debug|Any CPU.Build.0 = Debug|Any CPU
		{27D1687F-ACC0-414A-90D8-12C1AD7C06E5}.Debug|x86.ActiveCfg = Debug|Any CPU
		{27D1687F-ACC0-414A-90D8-12C1AD7C06E5}.Debug|x86.Build.0 = Debug|Any CPU
		{27D1687F-ACC0-414A-90D8-12C1AD7C06E5}.Release|Any CPU.ActiveCfg = Release|Any CPU
		{27D1687F-ACC0-414A-90D8-12C1AD7C06E5}.Release|Any CPU.Build.0 = Release|Any CPU
		{27D1687F-ACC0-414A-90D8-12C1AD7C06E5}.Release|x86.ActiveCfg = Release|Any CPU
		{27D1687F-ACC0-414A-90D8-12C1AD7C06E5}.Release|x86.Build.0 = Release|Any CPU
		{1BBD5465-2F72-430B-B899-926F03FEF87B}.Debug|Any CPU.ActiveCfg = Debug|Any CPU
		{1BBD5465-2F72-430B-B899-926F03FEF87B}.Debug|Any CPU.Build.0 = Debug|Any CPU
		{1BBD5465-2F72-430B-B899-926F03FEF87B}.Debug|x86.ActiveCfg = Debug|Any CPU
		{1BBD5465-2F72-430B-B899-926F03FEF87B}.Debug|x86.Build.0 = Debug|Any CPU
		{1BBD5465-2F72-430B-B899-926F03FEF87B}.Release|Any CPU.ActiveCfg = Release|Any CPU
		{1BBD5465-2F72-430B-B899-926F03FEF87B}.Release|Any CPU.Build.0 = Release|Any CPU
		{1BBD5465-2F72-430B-B899-926F03FEF87B}.Release|x86.ActiveCfg = Release|Any CPU
		{1BBD5465-2F72-430B-B899-926F03FEF87B}.Release|x86.Build.0 = Release|Any CPU
		{F4933B6F-A2F0-4A3A-8B25-716369C7C092}.Debug|Any CPU.ActiveCfg = Debug|Any CPU
		{F4933B6F-A2F0-4A3A-8B25-716369C7C092}.Debug|Any CPU.Build.0 = Debug|Any CPU
		{F4933B6F-A2F0-4A3A-8B25-716369C7C092}.Debug|x86.ActiveCfg = Debug|Any CPU
		{F4933B6F-A2F0-4A3A-8B25-716369C7C092}.Debug|x86.Build.0 = Debug|Any CPU
		{F4933B6F-A2F0-4A3A-8B25-716369C7C092}.Release|Any CPU.ActiveCfg = Release|Any CPU
		{F4933B6F-A2F0-4A3A-8B25-716369C7C092}.Release|Any CPU.Build.0 = Release|Any CPU
		{F4933B6F-A2F0-4A3A-8B25-716369C7C092}.Release|x86.ActiveCfg = Release|Any CPU
		{F4933B6F-A2F0-4A3A-8B25-716369C7C092}.Release|x86.Build.0 = Release|Any CPU
	EndGlobalSection
	GlobalSection(SolutionProperties) = preSolution
		HideSolutionNode = FALSE
	EndGlobalSection
	GlobalSection(ExtensibilityGlobals) = postSolution
		SolutionGuid = {04EA1910-260D-4DF4-8265-314101E6C9FD}
	EndGlobalSection
	GlobalSection(Performance) = preSolution
		HasPerformanceSessions = true
	EndGlobalSection
EndGlobal
